
Microsoft Visual Studio Solution File, Format Version 12.00
# Visual Studio Version 17
VisualStudioVersion = 17.14.36414.22
MinimumVisualStudioVersion = 10.0.40219.1
Project("{2150E333-8FDC-42A3-9474-1A3956D46DE8}") = "src", "src", "{02EA681E-C7D8-13C7-8484-4AC65E1B71E8}"
EndProject
Project("{2150E333-8FDC-42A3-9474-1A3956D46DE8}") = "tests", "tests", "{AECED617-4379-4631-A326-048302DE5B76}"
EndProject
Project("{FAE04EC0-301F-11D3-BF4B-00C04F79EFBC}") = "Store.Domain", "src\Store.Domain\Store.Domain.csproj", "{472D5DDB-7A00-4D6E-9392-F0A470258794}"
EndProject
Project("{FAE04EC0-301F-11D3-BF4B-00C04F79EFBC}") = "Store.Tests", "src\Store.Tests\Store.Tests.csproj", "{793996D1-BAAB-4ACC-89D9-2EC5D95C20A0}"
EndProject
Global
	GlobalSection(SolutionConfigurationPlatforms) = preSolution
		Debug|Any CPU = Debug|Any CPU
		Release|Any CPU = Release|Any CPU
	EndGlobalSection
	GlobalSection(ProjectConfigurationPlatforms) = postSolution
		{472D5DDB-7A00-4D6E-9392-F0A470258794}.Debug|Any CPU.ActiveCfg = Debug|Any CPU
		{472D5DDB-7A00-4D6E-9392-F0A470258794}.Debug|Any CPU.Build.0 = Debug|Any CPU
		{472D5DDB-7A00-4D6E-9392-F0A470258794}.Release|Any CPU.ActiveCfg = Release|Any CPU
		{472D5DDB-7A00-4D6E-9392-F0A470258794}.Release|Any CPU.Build.0 = Release|Any CPU
		{793996D1-BAAB-4ACC-89D9-2EC5D95C20A0}.Debug|Any CPU.ActiveCfg = Debug|Any CPU
		{793996D1-BAAB-4ACC-89D9-2EC5D95C20A0}.Debug|Any CPU.Build.0 = Debug|Any CPU
		{793996D1-BAAB-4ACC-89D9-2EC5D95C20A0}.Release|Any CPU.ActiveCfg = Release|Any CPU
		{793996D1-BAAB-4ACC-89D9-2EC5D95C20A0}.Release|Any CPU.Build.0 = Release|Any CPU
	EndGlobalSection
	GlobalSection(SolutionProperties) = preSolution
		HideSolutionNode = FALSE
	EndGlobalSection
	GlobalSection(NestedProjects) = preSolution
		{472D5DDB-7A00-4D6E-9392-F0A470258794} = {02EA681E-C7D8-13C7-8484-4AC65E1B71E8}
		{793996D1-BAAB-4ACC-89D9-2EC5D95C20A0} = {AECED617-4379-4631-A326-048302DE5B76}
	EndGlobalSection
	GlobalSection(ExtensibilityGlobals) = postSolution
		SolutionGuid = {12CD1194-84D0-4154-B836-E1C57BE8D2EA}
	EndGlobalSection
EndGlobal
